
Microsoft Visual Studio Solution File, Format Version 12.00
# Visual Studio 15
VisualStudioVersion = 15.0.27703.2018
MinimumVisualStudioVersion = 10.0.40219.1
Project("{FAE04EC0-301F-11D3-BF4B-00C04F79EFBC}") = "TaxiApplication", "TaxiApplication\TaxiApplication.csproj", "{F3E918C8-ECAD-4007-9C88-25D0A779C5D3}"
EndProject
Global
	GlobalSection(SolutionConfigurationPlatforms) = preSolution
		Debug|Any CPU = Debug|Any CPU
		Release|Any CPU = Release|Any CPU
	EndGlobalSection
	GlobalSection(ProjectConfigurationPlatforms) = postSolution
		{F3E918C8-ECAD-4007-9C88-25D0A779C5D3}.Debug|Any CPU.ActiveCfg = Debug|Any CPU
		{F3E918C8-ECAD-4007-9C88-25D0A779C5D3}.Debug|Any CPU.Build.0 = Debug|Any CPU
		{F3E918C8-ECAD-4007-9C88-25D0A779C5D3}.Release|Any CPU.ActiveCfg = Release|Any CPU
		{F3E918C8-ECAD-4007-9C88-25D0A779C5D3}.Release|Any CPU.Build.0 = Release|Any CPU
	EndGlobalSection
	GlobalSection(SolutionProperties) = preSolution
		HideSolutionNode = FALSE
	EndGlobalSection
	GlobalSection(ExtensibilityGlobals) = postSolution
		SolutionGuid = {C18F92F9-69DC-40DE-8A9A-1F7A0FE3C10B}
	EndGlobalSection
EndGlobal
